// !$*UTF8*$!
{
	archiveVersion = 1;
	classes = {
	};
	objectVersion = 51;
	objects = {

/* Begin PBXBuildFile section */
		36224FFC22C45CAA00DABF62 /* ProxyBudget.swift in Sources */ = {isa = PBXBuildFile; fileRef = 36224FFB22C45CAA00DABF62 /* ProxyBudget.swift */; };
		36224FFE22C74E7900DABF62 /* ProxyExpense.swift in Sources */ = {isa = PBXBuildFile; fileRef = 36224FFD22C74E7900DABF62 /* ProxyExpense.swift */; };
		3622501022D1A6FC00DABF62 /* ExpenseCategories.swift in Sources */ = {isa = PBXBuildFile; fileRef = 3622500F22D1A6FC00DABF62 /* ExpenseCategories.swift */; };
		3622501922D94B0000DABF62 /* SummaryPickerView.swift in Sources */ = {isa = PBXBuildFile; fileRef = 3622501822D94B0000DABF62 /* SummaryPickerView.swift */; };
		3622501D22D94D1000DABF62 /* SummaryViewColors.swift in Sources */ = {isa = PBXBuildFile; fileRef = 3622501C22D94D1000DABF62 /* SummaryViewColors.swift */; };
		3622502022D9713C00DABF62 /* ExpenseValidation.swift in Sources */ = {isa = PBXBuildFile; fileRef = 3622501F22D9713C00DABF62 /* ExpenseValidation.swift */; };
		3622502222D9717900DABF62 /* ExpensePickerViews.swift in Sources */ = {isa = PBXBuildFile; fileRef = 3622502122D9717900DABF62 /* ExpensePickerViews.swift */; };
		36285EB722F5143800AED084 /* ProxyRecurringExpense.swift in Sources */ = {isa = PBXBuildFile; fileRef = 36285EB622F5143800AED084 /* ProxyRecurringExpense.swift */; };
		36285EBA22F569E800AED084 /* RecurringExpense+CoreDataClass.swift in Sources */ = {isa = PBXBuildFile; fileRef = 36285EB922F569E700AED084 /* RecurringExpense+CoreDataClass.swift */; };
		36285EBB22F569E800AED084 /* RecurringExpense+CoreDataProperties.swift in Sources */ = {isa = PBXBuildFile; fileRef = 36285EB822F569E700AED084 /* RecurringExpense+CoreDataProperties.swift */; };
		36285EBE22F67A0F00AED084 /* LineChartView.swift in Sources */ = {isa = PBXBuildFile; fileRef = 36285EBD22F67A0F00AED084 /* LineChartView.swift */; };
		3634D4A622A2740C002B0339 /* AppDelegate.swift in Sources */ = {isa = PBXBuildFile; fileRef = 3634D4A522A2740C002B0339 /* AppDelegate.swift */; };
		3634D4AB22A2740C002B0339 /* Main.storyboard in Resources */ = {isa = PBXBuildFile; fileRef = 3634D4A922A2740C002B0339 /* Main.storyboard */; };
		3634D4AE22A2740C002B0339 /* budgetWizard.xcdatamodeld in Sources */ = {isa = PBXBuildFile; fileRef = 3634D4AC22A2740C002B0339 /* budgetWizard.xcdatamodeld */; };
		3634D4B022A2740E002B0339 /* Assets.xcassets in Resources */ = {isa = PBXBuildFile; fileRef = 3634D4AF22A2740E002B0339 /* Assets.xcassets */; };
		3634D4B322A2740E002B0339 /* LaunchScreen.storyboard in Resources */ = {isa = PBXBuildFile; fileRef = 3634D4B122A2740E002B0339 /* LaunchScreen.storyboard */; };
		3634D4BE22A2740F002B0339 /* budgetWizardTests.swift in Sources */ = {isa = PBXBuildFile; fileRef = 3634D4BD22A2740F002B0339 /* budgetWizardTests.swift */; };
		3634D4C922A2740F002B0339 /* budgetWizardUITests.swift in Sources */ = {isa = PBXBuildFile; fileRef = 3634D4C822A2740F002B0339 /* budgetWizardUITests.swift */; };
		3634D4DB22A2A1DD002B0339 /* BudgetViewController.swift in Sources */ = {isa = PBXBuildFile; fileRef = 3634D4DA22A2A1DD002B0339 /* BudgetViewController.swift */; };
		3642FA9422E0516100FB757B /* SummaryChartsCollectionCell.swift in Sources */ = {isa = PBXBuildFile; fileRef = 3642FA9322E0516100FB757B /* SummaryChartsCollectionCell.swift */; };
		3651169722A34E4A00827CA8 /* BudgetTableViewController.swift in Sources */ = {isa = PBXBuildFile; fileRef = 3651169622A34E4A00827CA8 /* BudgetTableViewController.swift */; };
		3651169922A354F800827CA8 /* ExpenseViewController.swift in Sources */ = {isa = PBXBuildFile; fileRef = 3651169822A354F800827CA8 /* ExpenseViewController.swift */; };
		368160BC22DF1A8300293766 /* SummaryViewController.swift in Sources */ = {isa = PBXBuildFile; fileRef = 368160BB22DF1A8300293766 /* SummaryViewController.swift */; };
		369997E422EDA7360089E943 /* BarChartView.swift in Sources */ = {isa = PBXBuildFile; fileRef = 369997E322EDA7360089E943 /* BarChartView.swift */; };
		369AB83622B23E7100FD221E /* CustomDateFormatter.swift in Sources */ = {isa = PBXBuildFile; fileRef = 369AB83522B23E7100FD221E /* CustomDateFormatter.swift */; };
		369AB83E22B8DED200FD221E /* ExpenseTableViewController.swift in Sources */ = {isa = PBXBuildFile; fileRef = 369AB83D22B8DED200FD221E /* ExpenseTableViewController.swift */; };
		369AB84022BA242100FD221E /* ExpenseTableViewCell.swift in Sources */ = {isa = PBXBuildFile; fileRef = 369AB83F22BA242100FD221E /* ExpenseTableViewCell.swift */; };
		369AB84222BA290900FD221E /* CustomNumberFormatter.swift in Sources */ = {isa = PBXBuildFile; fileRef = 369AB84122BA290900FD221E /* CustomNumberFormatter.swift */; };
		369AB85522C213AF00FD221E /* Expenses+CoreDataClass.swift in Sources */ = {isa = PBXBuildFile; fileRef = 369AB85122C213AF00FD221E /* Expenses+CoreDataClass.swift */; };
		369AB85622C213AF00FD221E /* Expenses+CoreDataProperties.swift in Sources */ = {isa = PBXBuildFile; fileRef = 369AB85222C213AF00FD221E /* Expenses+CoreDataProperties.swift */; };
		369AB85722C213AF00FD221E /* Budget+CoreDataClass.swift in Sources */ = {isa = PBXBuildFile; fileRef = 369AB85322C213AF00FD221E /* Budget+CoreDataClass.swift */; };
		369AB85822C213AF00FD221E /* Budget+CoreDataProperties.swift in Sources */ = {isa = PBXBuildFile; fileRef = 369AB85422C213AF00FD221E /* Budget+CoreDataProperties.swift */; };
		36B6294C22ABA3CC00BD5343 /* PersistenceService.swift in Sources */ = {isa = PBXBuildFile; fileRef = 36B6294B22ABA3CC00BD5343 /* PersistenceService.swift */; };
		36D2DBE222DDBFB50010FC3D /* MenuBar.swift in Sources */ = {isa = PBXBuildFile; fileRef = 36D2DBE122DDBFB50010FC3D /* MenuBar.swift */; };
		36F4D82E22ACC2B800800B38 /* BudgetTableViewCell.swift in Sources */ = {isa = PBXBuildFile; fileRef = 36F4D82D22ACC2B800800B38 /* BudgetTableViewCell.swift */; };
		36FCBC1122ED455B00C05E98 /* PieChartView.swift in Sources */ = {isa = PBXBuildFile; fileRef = 36FCBC1022ED455B00C05E98 /* PieChartView.swift */; };
		36FCBC1622ED8B5500C05E98 /* ExpenseAxisValueFormatter.swift in Sources */ = {isa = PBXBuildFile; fileRef = 36FCBC1522ED8B5500C05E98 /* ExpenseAxisValueFormatter.swift */; };
		36FCBC1922ED8F2400C05E98 /* BalloonMarker.swift in Sources */ = {isa = PBXBuildFile; fileRef = 36FCBC1822ED8F2400C05E98 /* BalloonMarker.swift */; };
		36FCBC1B22ED8F5400C05E98 /* XYMarkerView.swift in Sources */ = {isa = PBXBuildFile; fileRef = 36FCBC1A22ED8F5400C05E98 /* XYMarkerView.swift */; };
		69AE717F0C0EE19E8AFF302F /* Pods_budgetWizardTests.framework in Frameworks */ = {isa = PBXBuildFile; fileRef = C66F6EC4416026234BA08806 /* Pods_budgetWizardTests.framework */; };
		840876C41A0EF5D5D49E8DD0 /* Pods_budgetWizard.framework in Frameworks */ = {isa = PBXBuildFile; fileRef = 017EA958250387807524064A /* Pods_budgetWizard.framework */; };
		FD926F5CCA2F967051B3FAA5 /* Pods_budgetWizardUITests.framework in Frameworks */ = {isa = PBXBuildFile; fileRef = FF2C41C5742F5BD9CF292ECD /* Pods_budgetWizardUITests.framework */; };
/* End PBXBuildFile section */

/* Begin PBXContainerItemProxy section */
		3634D4BA22A2740F002B0339 /* PBXContainerItemProxy */ = {
			isa = PBXContainerItemProxy;
			containerPortal = 3634D49A22A2740C002B0339 /* Project object */;
			proxyType = 1;
			remoteGlobalIDString = 3634D4A122A2740C002B0339;
			remoteInfo = budgetWizard;
		};
		3634D4C522A2740F002B0339 /* PBXContainerItemProxy */ = {
			isa = PBXContainerItemProxy;
			containerPortal = 3634D49A22A2740C002B0339 /* Project object */;
			proxyType = 1;
			remoteGlobalIDString = 3634D4A122A2740C002B0339;
			remoteInfo = budgetWizard;
		};
/* End PBXContainerItemProxy section */

/* Begin PBXFileReference section */
		017EA958250387807524064A /* Pods_budgetWizard.framework */ = {isa = PBXFileReference; explicitFileType = wrapper.framework; includeInIndex = 0; path = Pods_budgetWizard.framework; sourceTree = BUILT_PRODUCTS_DIR; };
		1E26AC77F989C822EAB293EB /* Pods-budgetWizardTests.release.xcconfig */ = {isa = PBXFileReference; includeInIndex = 1; lastKnownFileType = text.xcconfig; name = "Pods-budgetWizardTests.release.xcconfig"; path = "Target Support Files/Pods-budgetWizardTests/Pods-budgetWizardTests.release.xcconfig"; sourceTree = "<group>"; };
		2201B8AC943000A1A1111100 /* Pods-budgetWizard.debug.xcconfig */ = {isa = PBXFileReference; includeInIndex = 1; lastKnownFileType = text.xcconfig; name = "Pods-budgetWizard.debug.xcconfig"; path = "Target Support Files/Pods-budgetWizard/Pods-budgetWizard.debug.xcconfig"; sourceTree = "<group>"; };
		36224FFB22C45CAA00DABF62 /* ProxyBudget.swift */ = {isa = PBXFileReference; lastKnownFileType = sourcecode.swift; path = ProxyBudget.swift; sourceTree = "<group>"; };
		36224FFD22C74E7900DABF62 /* ProxyExpense.swift */ = {isa = PBXFileReference; lastKnownFileType = sourcecode.swift; path = ProxyExpense.swift; sourceTree = "<group>"; };
		3622500F22D1A6FC00DABF62 /* ExpenseCategories.swift */ = {isa = PBXFileReference; lastKnownFileType = sourcecode.swift; path = ExpenseCategories.swift; sourceTree = "<group>"; };
		3622501822D94B0000DABF62 /* SummaryPickerView.swift */ = {isa = PBXFileReference; lastKnownFileType = sourcecode.swift; path = SummaryPickerView.swift; sourceTree = "<group>"; };
		3622501C22D94D1000DABF62 /* SummaryViewColors.swift */ = {isa = PBXFileReference; lastKnownFileType = sourcecode.swift; path = SummaryViewColors.swift; sourceTree = "<group>"; };
		3622501F22D9713C00DABF62 /* ExpenseValidation.swift */ = {isa = PBXFileReference; lastKnownFileType = sourcecode.swift; path = ExpenseValidation.swift; sourceTree = "<group>"; };
		3622502122D9717900DABF62 /* ExpensePickerViews.swift */ = {isa = PBXFileReference; lastKnownFileType = sourcecode.swift; path = ExpensePickerViews.swift; sourceTree = "<group>"; };
		36285EB622F5143800AED084 /* ProxyRecurringExpense.swift */ = {isa = PBXFileReference; lastKnownFileType = sourcecode.swift; path = ProxyRecurringExpense.swift; sourceTree = "<group>"; };
		36285EB822F569E700AED084 /* RecurringExpense+CoreDataProperties.swift */ = {isa = PBXFileReference; lastKnownFileType = sourcecode.swift; name = "RecurringExpense+CoreDataProperties.swift"; path = "/Users/kent_mcn/Desktop/Xcode projects/budget wizard/budgetWizard/budgetWizard/ExpemseModel/RecurringExpense+CoreDataProperties.swift"; sourceTree = "<absolute>"; };
		36285EB922F569E700AED084 /* RecurringExpense+CoreDataClass.swift */ = {isa = PBXFileReference; lastKnownFileType = sourcecode.swift; name = "RecurringExpense+CoreDataClass.swift"; path = "/Users/kent_mcn/Desktop/Xcode projects/budget wizard/budgetWizard/budgetWizard/ExpemseModel/RecurringExpense+CoreDataClass.swift"; sourceTree = "<absolute>"; };
		36285EBD22F67A0F00AED084 /* LineChartView.swift */ = {isa = PBXFileReference; lastKnownFileType = sourcecode.swift; path = LineChartView.swift; sourceTree = "<group>"; };
		3634D4A222A2740C002B0339 /* budgetWizard.app */ = {isa = PBXFileReference; explicitFileType = wrapper.application; includeInIndex = 0; path = budgetWizard.app; sourceTree = BUILT_PRODUCTS_DIR; };
		3634D4A522A2740C002B0339 /* AppDelegate.swift */ = {isa = PBXFileReference; lastKnownFileType = sourcecode.swift; path = AppDelegate.swift; sourceTree = "<group>"; };
		3634D4AA22A2740C002B0339 /* Base */ = {isa = PBXFileReference; lastKnownFileType = file.storyboard; name = Base; path = Base.lproj/Main.storyboard; sourceTree = "<group>"; };
		3634D4AD22A2740C002B0339 /* budgetWizard.xcdatamodel */ = {isa = PBXFileReference; lastKnownFileType = wrapper.xcdatamodel; path = budgetWizard.xcdatamodel; sourceTree = "<group>"; };
		3634D4AF22A2740E002B0339 /* Assets.xcassets */ = {isa = PBXFileReference; lastKnownFileType = folder.assetcatalog; path = Assets.xcassets; sourceTree = "<group>"; };
		3634D4B222A2740E002B0339 /* Base */ = {isa = PBXFileReference; lastKnownFileType = file.storyboard; name = Base; path = Base.lproj/LaunchScreen.storyboard; sourceTree = "<group>"; };
		3634D4B422A2740E002B0339 /* Info.plist */ = {isa = PBXFileReference; lastKnownFileType = text.plist.xml; path = Info.plist; sourceTree = "<group>"; };
		3634D4B922A2740F002B0339 /* budgetWizardTests.xctest */ = {isa = PBXFileReference; explicitFileType = wrapper.cfbundle; includeInIndex = 0; path = budgetWizardTests.xctest; sourceTree = BUILT_PRODUCTS_DIR; };
		3634D4BD22A2740F002B0339 /* budgetWizardTests.swift */ = {isa = PBXFileReference; lastKnownFileType = sourcecode.swift; path = budgetWizardTests.swift; sourceTree = "<group>"; };
		3634D4BF22A2740F002B0339 /* Info.plist */ = {isa = PBXFileReference; lastKnownFileType = text.plist.xml; path = Info.plist; sourceTree = "<group>"; };
		3634D4C422A2740F002B0339 /* budgetWizardUITests.xctest */ = {isa = PBXFileReference; explicitFileType = wrapper.cfbundle; includeInIndex = 0; path = budgetWizardUITests.xctest; sourceTree = BUILT_PRODUCTS_DIR; };
		3634D4C822A2740F002B0339 /* budgetWizardUITests.swift */ = {isa = PBXFileReference; lastKnownFileType = sourcecode.swift; path = budgetWizardUITests.swift; sourceTree = "<group>"; };
		3634D4CA22A2740F002B0339 /* Info.plist */ = {isa = PBXFileReference; lastKnownFileType = text.plist.xml; path = Info.plist; sourceTree = "<group>"; };
		3634D4DA22A2A1DD002B0339 /* BudgetViewController.swift */ = {isa = PBXFileReference; lastKnownFileType = sourcecode.swift; path = BudgetViewController.swift; sourceTree = "<group>"; };
		3642FA9322E0516100FB757B /* SummaryChartsCollectionCell.swift */ = {isa = PBXFileReference; lastKnownFileType = sourcecode.swift; path = SummaryChartsCollectionCell.swift; sourceTree = "<group>"; };
		3651169622A34E4A00827CA8 /* BudgetTableViewController.swift */ = {isa = PBXFileReference; lastKnownFileType = sourcecode.swift; path = BudgetTableViewController.swift; sourceTree = "<group>"; };
		3651169822A354F800827CA8 /* ExpenseViewController.swift */ = {isa = PBXFileReference; lastKnownFileType = sourcecode.swift; path = ExpenseViewController.swift; sourceTree = "<group>"; };
		368160BB22DF1A8300293766 /* SummaryViewController.swift */ = {isa = PBXFileReference; lastKnownFileType = sourcecode.swift; path = SummaryViewController.swift; sourceTree = "<group>"; };
		369997E322EDA7360089E943 /* BarChartView.swift */ = {isa = PBXFileReference; lastKnownFileType = sourcecode.swift; path = BarChartView.swift; sourceTree = "<group>"; };
		369AB83522B23E7100FD221E /* CustomDateFormatter.swift */ = {isa = PBXFileReference; lastKnownFileType = sourcecode.swift; path = CustomDateFormatter.swift; sourceTree = "<group>"; };
		369AB83D22B8DED200FD221E /* ExpenseTableViewController.swift */ = {isa = PBXFileReference; lastKnownFileType = sourcecode.swift; path = ExpenseTableViewController.swift; sourceTree = "<group>"; };
		369AB83F22BA242100FD221E /* ExpenseTableViewCell.swift */ = {isa = PBXFileReference; lastKnownFileType = sourcecode.swift; path = ExpenseTableViewCell.swift; sourceTree = "<group>"; };
		369AB84122BA290900FD221E /* CustomNumberFormatter.swift */ = {isa = PBXFileReference; lastKnownFileType = sourcecode.swift; path = CustomNumberFormatter.swift; sourceTree = "<group>"; };
		369AB85122C213AF00FD221E /* Expenses+CoreDataClass.swift */ = {isa = PBXFileReference; lastKnownFileType = sourcecode.swift; path = "Expenses+CoreDataClass.swift"; sourceTree = "<group>"; };
		369AB85222C213AF00FD221E /* Expenses+CoreDataProperties.swift */ = {isa = PBXFileReference; lastKnownFileType = sourcecode.swift; path = "Expenses+CoreDataProperties.swift"; sourceTree = "<group>"; };
		369AB85322C213AF00FD221E /* Budget+CoreDataClass.swift */ = {isa = PBXFileReference; lastKnownFileType = sourcecode.swift; path = "Budget+CoreDataClass.swift"; sourceTree = "<group>"; };
		369AB85422C213AF00FD221E /* Budget+CoreDataProperties.swift */ = {isa = PBXFileReference; lastKnownFileType = sourcecode.swift; path = "Budget+CoreDataProperties.swift"; sourceTree = "<group>"; };
		36B6294B22ABA3CC00BD5343 /* PersistenceService.swift */ = {isa = PBXFileReference; lastKnownFileType = sourcecode.swift; path = PersistenceService.swift; sourceTree = "<group>"; };
		36D2DBE122DDBFB50010FC3D /* MenuBar.swift */ = {isa = PBXFileReference; lastKnownFileType = sourcecode.swift; path = MenuBar.swift; sourceTree = "<group>"; };
		36F4D82D22ACC2B800800B38 /* BudgetTableViewCell.swift */ = {isa = PBXFileReference; lastKnownFileType = sourcecode.swift; path = BudgetTableViewCell.swift; sourceTree = "<group>"; };
		36FCBC1022ED455B00C05E98 /* PieChartView.swift */ = {isa = PBXFileReference; lastKnownFileType = sourcecode.swift; path = PieChartView.swift; sourceTree = "<group>"; };
		36FCBC1522ED8B5500C05E98 /* ExpenseAxisValueFormatter.swift */ = {isa = PBXFileReference; lastKnownFileType = sourcecode.swift; path = ExpenseAxisValueFormatter.swift; sourceTree = "<group>"; };
		36FCBC1822ED8F2400C05E98 /* BalloonMarker.swift */ = {isa = PBXFileReference; lastKnownFileType = sourcecode.swift; path = BalloonMarker.swift; sourceTree = "<group>"; };
		36FCBC1A22ED8F5400C05E98 /* XYMarkerView.swift */ = {isa = PBXFileReference; lastKnownFileType = sourcecode.swift; path = XYMarkerView.swift; sourceTree = "<group>"; };
		47AC8233C3961C960BCE5C57 /* Pods-budgetWizardTests.debug.xcconfig */ = {isa = PBXFileReference; includeInIndex = 1; lastKnownFileType = text.xcconfig; name = "Pods-budgetWizardTests.debug.xcconfig"; path = "Target Support Files/Pods-budgetWizardTests/Pods-budgetWizardTests.debug.xcconfig"; sourceTree = "<group>"; };
		B6928F02B4C84C80D9C5ED96 /* Pods-budgetWizard.release.xcconfig */ = {isa = PBXFileReference; includeInIndex = 1; lastKnownFileType = text.xcconfig; name = "Pods-budgetWizard.release.xcconfig"; path = "Target Support Files/Pods-budgetWizard/Pods-budgetWizard.release.xcconfig"; sourceTree = "<group>"; };
		C66F6EC4416026234BA08806 /* Pods_budgetWizardTests.framework */ = {isa = PBXFileReference; explicitFileType = wrapper.framework; includeInIndex = 0; path = Pods_budgetWizardTests.framework; sourceTree = BUILT_PRODUCTS_DIR; };
		E94CC434B807B7343F03ACF2 /* Pods-budgetWizardUITests.debug.xcconfig */ = {isa = PBXFileReference; includeInIndex = 1; lastKnownFileType = text.xcconfig; name = "Pods-budgetWizardUITests.debug.xcconfig"; path = "Target Support Files/Pods-budgetWizardUITests/Pods-budgetWizardUITests.debug.xcconfig"; sourceTree = "<group>"; };
		FF2C41C5742F5BD9CF292ECD /* Pods_budgetWizardUITests.framework */ = {isa = PBXFileReference; explicitFileType = wrapper.framework; includeInIndex = 0; path = Pods_budgetWizardUITests.framework; sourceTree = BUILT_PRODUCTS_DIR; };
		FF6057F5CD9BA6078C828077 /* Pods-budgetWizardUITests.release.xcconfig */ = {isa = PBXFileReference; includeInIndex = 1; lastKnownFileType = text.xcconfig; name = "Pods-budgetWizardUITests.release.xcconfig"; path = "Target Support Files/Pods-budgetWizardUITests/Pods-budgetWizardUITests.release.xcconfig"; sourceTree = "<group>"; };
/* End PBXFileReference section */

/* Begin PBXFrameworksBuildPhase section */
		3634D49F22A2740C002B0339 /* Frameworks */ = {
			isa = PBXFrameworksBuildPhase;
			buildActionMask = 2147483647;
			files = (
				840876C41A0EF5D5D49E8DD0 /* Pods_budgetWizard.framework in Frameworks */,
			);
			runOnlyForDeploymentPostprocessing = 0;
		};
		3634D4B622A2740F002B0339 /* Frameworks */ = {
			isa = PBXFrameworksBuildPhase;
			buildActionMask = 2147483647;
			files = (
				69AE717F0C0EE19E8AFF302F /* Pods_budgetWizardTests.framework in Frameworks */,
			);
			runOnlyForDeploymentPostprocessing = 0;
		};
		3634D4C122A2740F002B0339 /* Frameworks */ = {
			isa = PBXFrameworksBuildPhase;
			buildActionMask = 2147483647;
			files = (
				FD926F5CCA2F967051B3FAA5 /* Pods_budgetWizardUITests.framework in Frameworks */,
			);
			runOnlyForDeploymentPostprocessing = 0;
		};
/* End PBXFrameworksBuildPhase section */

/* Begin PBXGroup section */
		2AF03AD54DC0D34E90E985C1 /* Pods */ = {
			isa = PBXGroup;
			children = (
				2201B8AC943000A1A1111100 /* Pods-budgetWizard.debug.xcconfig */,
				B6928F02B4C84C80D9C5ED96 /* Pods-budgetWizard.release.xcconfig */,
				47AC8233C3961C960BCE5C57 /* Pods-budgetWizardTests.debug.xcconfig */,
				1E26AC77F989C822EAB293EB /* Pods-budgetWizardTests.release.xcconfig */,
				E94CC434B807B7343F03ACF2 /* Pods-budgetWizardUITests.debug.xcconfig */,
				FF6057F5CD9BA6078C828077 /* Pods-budgetWizardUITests.release.xcconfig */,
			);
			path = Pods;
			sourceTree = "<group>";
		};
		3622500122CCAB1E00DABF62 /* Expense View Controllers */ = {
			isa = PBXGroup;
			children = (
				3622500F22D1A6FC00DABF62 /* ExpenseCategories.swift */,
				369AB83D22B8DED200FD221E /* ExpenseTableViewController.swift */,
				3651169822A354F800827CA8 /* ExpenseViewController.swift */,
				3622501F22D9713C00DABF62 /* ExpenseValidation.swift */,
				3622502122D9717900DABF62 /* ExpensePickerViews.swift */,
			);
			path = "Expense View Controllers";
			sourceTree = "<group>";
		};
		3622500222CCABDF00DABF62 /* Budget View Controllers */ = {
			isa = PBXGroup;
			children = (
				3651169622A34E4A00827CA8 /* BudgetTableViewController.swift */,
				3634D4DA22A2A1DD002B0339 /* BudgetViewController.swift */,
			);
			path = "Budget View Controllers";
			sourceTree = "<group>";
		};
		3622500322CCAC4300DABF62 /* Custom Formatters */ = {
			isa = PBXGroup;
			children = (
			);
			path = "Custom Formatters";
			sourceTree = "<group>";
		};
		3622500622CCAD1400DABF62 /* Persistent Service */ = {
			isa = PBXGroup;
			children = (
				36B6294B22ABA3CC00BD5343 /* PersistenceService.swift */,
			);
			path = "Persistent Service";
			sourceTree = "<group>";
		};
		3622500722CCAD3000DABF62 /* Summary View Controller */ = {
			isa = PBXGroup;
			children = (
				3622501822D94B0000DABF62 /* SummaryPickerView.swift */,
				3622501C22D94D1000DABF62 /* SummaryViewColors.swift */,
				368160BB22DF1A8300293766 /* SummaryViewController.swift */,
			);
			path = "Summary View Controller";
			sourceTree = "<group>";
		};
		3622500922CDF7F500DABF62 /* BudgetModel */ = {
			isa = PBXGroup;
			children = (
				36224FFB22C45CAA00DABF62 /* ProxyBudget.swift */,
				369AB85422C213AF00FD221E /* Budget+CoreDataProperties.swift */,
				369AB85322C213AF00FD221E /* Budget+CoreDataClass.swift */,
			);
			path = BudgetModel;
			sourceTree = "<group>";
		};
		3622500B22CDF89000DABF62 /* ExpemseModel */ = {
			isa = PBXGroup;
			children = (
				36285EB922F569E700AED084 /* RecurringExpense+CoreDataClass.swift */,
				36285EB822F569E700AED084 /* RecurringExpense+CoreDataProperties.swift */,
				36224FFD22C74E7900DABF62 /* ProxyExpense.swift */,
				369AB85222C213AF00FD221E /* Expenses+CoreDataProperties.swift */,
				369AB85122C213AF00FD221E /* Expenses+CoreDataClass.swift */,
				36285EB622F5143800AED084 /* ProxyRecurringExpense.swift */,
			);
			path = ExpemseModel;
			sourceTree = "<group>";
		};
		3622500C22CDFAB900DABF62 /* Budget Table Custom Cell */ = {
			isa = PBXGroup;
			children = (
				36F4D82D22ACC2B800800B38 /* BudgetTableViewCell.swift */,
			);
			path = "Budget Table Custom Cell";
			sourceTree = "<group>";
		};
		3622500D22CDFADC00DABF62 /* Expense Table Custom Cell */ = {
			isa = PBXGroup;
			children = (
				369AB83F22BA242100FD221E /* ExpenseTableViewCell.swift */,
			);
			path = "Expense Table Custom Cell";
			sourceTree = "<group>";
		};
		3634D49922A2740C002B0339 = {
			isa = PBXGroup;
			children = (
				3634D4A422A2740C002B0339 /* budgetWizard */,
				3634D4BC22A2740F002B0339 /* budgetWizardTests */,
				3634D4C722A2740F002B0339 /* budgetWizardUITests */,
				3634D4A322A2740C002B0339 /* Products */,
				2AF03AD54DC0D34E90E985C1 /* Pods */,
				6FBD610386E7F8621C02F842 /* Frameworks */,
			);
			sourceTree = "<group>";
		};
		3634D4A322A2740C002B0339 /* Products */ = {
			isa = PBXGroup;
			children = (
				3634D4A222A2740C002B0339 /* budgetWizard.app */,
				3634D4B922A2740F002B0339 /* budgetWizardTests.xctest */,
				3634D4C422A2740F002B0339 /* budgetWizardUITests.xctest */,
			);
			name = Products;
			sourceTree = "<group>";
		};
		3634D4A422A2740C002B0339 /* budgetWizard */ = {
			isa = PBXGroup;
			children = (
				36FCBC1722ED8F1400C05E98 /* Components */,
				36FCBC1422ED8B3100C05E98 /* Formatters */,
				3622500222CCABDF00DABF62 /* Budget View Controllers */,
				3622500922CDF7F500DABF62 /* BudgetModel */,
				3622500C22CDFAB900DABF62 /* Budget Table Custom Cell */,
				3622500322CCAC4300DABF62 /* Custom Formatters */,
				3622500122CCAB1E00DABF62 /* Expense View Controllers */,
				3622500B22CDF89000DABF62 /* ExpemseModel */,
				3622500D22CDFADC00DABF62 /* Expense Table Custom Cell */,
				368160BD22DF2E6700293766 /* MenuBar */,
				3642FA9222E050FF00FB757B /* SummaryCollectionCell */,
				3622500722CCAD3000DABF62 /* Summary View Controller */,
				3622500622CCAD1400DABF62 /* Persistent Service */,
				3634D4A522A2740C002B0339 /* AppDelegate.swift */,
				3634D4A922A2740C002B0339 /* Main.storyboard */,
				3634D4AF22A2740E002B0339 /* Assets.xcassets */,
				3634D4B122A2740E002B0339 /* LaunchScreen.storyboard */,
				3634D4B422A2740E002B0339 /* Info.plist */,
				3634D4AC22A2740C002B0339 /* budgetWizard.xcdatamodeld */,
			);
			path = budgetWizard;
			sourceTree = "<group>";
		};
		3634D4BC22A2740F002B0339 /* budgetWizardTests */ = {
			isa = PBXGroup;
			children = (
				3634D4BD22A2740F002B0339 /* budgetWizardTests.swift */,
				3634D4BF22A2740F002B0339 /* Info.plist */,
			);
			path = budgetWizardTests;
			sourceTree = "<group>";
		};
		3634D4C722A2740F002B0339 /* budgetWizardUITests */ = {
			isa = PBXGroup;
			children = (
				3634D4C822A2740F002B0339 /* budgetWizardUITests.swift */,
				3634D4CA22A2740F002B0339 /* Info.plist */,
			);
			path = budgetWizardUITests;
			sourceTree = "<group>";
		};
		3642FA9222E050FF00FB757B /* SummaryCollectionCell */ = {
			isa = PBXGroup;
			children = (
				3642FA9322E0516100FB757B /* SummaryChartsCollectionCell.swift */,
				36FCBC1022ED455B00C05E98 /* PieChartView.swift */,
				369997E322EDA7360089E943 /* BarChartView.swift */,
				36285EBD22F67A0F00AED084 /* LineChartView.swift */,
			);
			path = SummaryCollectionCell;
			sourceTree = "<group>";
		};
		368160BD22DF2E6700293766 /* MenuBar */ = {
			isa = PBXGroup;
			children = (
				36D2DBE122DDBFB50010FC3D /* MenuBar.swift */,
			);
			path = MenuBar;
			sourceTree = "<group>";
		};
		36FCBC1422ED8B3100C05E98 /* Formatters */ = {
			isa = PBXGroup;
			children = (
				369AB83522B23E7100FD221E /* CustomDateFormatter.swift */,
				369AB84122BA290900FD221E /* CustomNumberFormatter.swift */,
				36FCBC1522ED8B5500C05E98 /* ExpenseAxisValueFormatter.swift */,
			);
			path = Formatters;
			sourceTree = "<group>";
		};
		36FCBC1722ED8F1400C05E98 /* Components */ = {
			isa = PBXGroup;
			children = (
				36FCBC1822ED8F2400C05E98 /* BalloonMarker.swift */,
				36FCBC1A22ED8F5400C05E98 /* XYMarkerView.swift */,
			);
			path = Components;
			sourceTree = "<group>";
		};
		6FBD610386E7F8621C02F842 /* Frameworks */ = {
			isa = PBXGroup;
			children = (
				017EA958250387807524064A /* Pods_budgetWizard.framework */,
				C66F6EC4416026234BA08806 /* Pods_budgetWizardTests.framework */,
				FF2C41C5742F5BD9CF292ECD /* Pods_budgetWizardUITests.framework */,
			);
			name = Frameworks;
			sourceTree = "<group>";
		};
/* End PBXGroup section */

/* Begin PBXNativeTarget section */
		3634D4A122A2740C002B0339 /* budgetWizard */ = {
			isa = PBXNativeTarget;
			buildConfigurationList = 3634D4CD22A2740F002B0339 /* Build configuration list for PBXNativeTarget "budgetWizard" */;
			buildPhases = (
				6A5E8B568B62B4694FA47BCC /* [CP] Check Pods Manifest.lock */,
				3634D49E22A2740C002B0339 /* Sources */,
				3634D49F22A2740C002B0339 /* Frameworks */,
				3634D4A022A2740C002B0339 /* Resources */,
				15C52C74A4D80CB5B08B587F /* [CP] Embed Pods Frameworks */,
			);
			buildRules = (
			);
			dependencies = (
			);
			name = budgetWizard;
			productName = budgetWizard;
			productReference = 3634D4A222A2740C002B0339 /* budgetWizard.app */;
			productType = "com.apple.product-type.application";
		};
		3634D4B822A2740F002B0339 /* budgetWizardTests */ = {
			isa = PBXNativeTarget;
			buildConfigurationList = 3634D4D022A2740F002B0339 /* Build configuration list for PBXNativeTarget "budgetWizardTests" */;
			buildPhases = (
				DB1D1C6D0B04205C0D454390 /* [CP] Check Pods Manifest.lock */,
				3634D4B522A2740F002B0339 /* Sources */,
				3634D4B622A2740F002B0339 /* Frameworks */,
				3634D4B722A2740F002B0339 /* Resources */,
			);
			buildRules = (
			);
			dependencies = (
				3634D4BB22A2740F002B0339 /* PBXTargetDependency */,
			);
			name = budgetWizardTests;
			productName = budgetWizardTests;
			productReference = 3634D4B922A2740F002B0339 /* budgetWizardTests.xctest */;
			productType = "com.apple.product-type.bundle.unit-test";
		};
		3634D4C322A2740F002B0339 /* budgetWizardUITests */ = {
			isa = PBXNativeTarget;
			buildConfigurationList = 3634D4D322A2740F002B0339 /* Build configuration list for PBXNativeTarget "budgetWizardUITests" */;
			buildPhases = (
				1F4A60593318153A9F977D11 /* [CP] Check Pods Manifest.lock */,
				3634D4C022A2740F002B0339 /* Sources */,
				3634D4C122A2740F002B0339 /* Frameworks */,
				3634D4C222A2740F002B0339 /* Resources */,
			);
			buildRules = (
			);
			dependencies = (
				3634D4C622A2740F002B0339 /* PBXTargetDependency */,
			);
			name = budgetWizardUITests;
			productName = budgetWizardUITests;
			productReference = 3634D4C422A2740F002B0339 /* budgetWizardUITests.xctest */;
			productType = "com.apple.product-type.bundle.ui-testing";
		};
/* End PBXNativeTarget section */

/* Begin PBXProject section */
		3634D49A22A2740C002B0339 /* Project object */ = {
			isa = PBXProject;
			attributes = {
				LastSwiftUpdateCheck = 1020;
				LastUpgradeCheck = 1020;
				ORGANIZATIONNAME = "Kent McNamara";
				TargetAttributes = {
					3634D4A122A2740C002B0339 = {
						CreatedOnToolsVersion = 10.2.1;
					};
					3634D4B822A2740F002B0339 = {
						CreatedOnToolsVersion = 10.2.1;
						TestTargetID = 3634D4A122A2740C002B0339;
					};
					3634D4C322A2740F002B0339 = {
						CreatedOnToolsVersion = 10.2.1;
						TestTargetID = 3634D4A122A2740C002B0339;
					};
				};
			};
			buildConfigurationList = 3634D49D22A2740C002B0339 /* Build configuration list for PBXProject "budgetWizard" */;
			compatibilityVersion = "Xcode 9.3";
			developmentRegion = en;
			hasScannedForEncodings = 0;
			knownRegions = (
				en,
				Base,
			);
			mainGroup = 3634D49922A2740C002B0339;
			productRefGroup = 3634D4A322A2740C002B0339 /* Products */;
			projectDirPath = "";
			projectRoot = "";
			targets = (
				3634D4A122A2740C002B0339 /* budgetWizard */,
				3634D4B822A2740F002B0339 /* budgetWizardTests */,
				3634D4C322A2740F002B0339 /* budgetWizardUITests */,
			);
		};
/* End PBXProject section */

/* Begin PBXResourcesBuildPhase section */
		3634D4A022A2740C002B0339 /* Resources */ = {
			isa = PBXResourcesBuildPhase;
			buildActionMask = 2147483647;
			files = (
				3634D4B322A2740E002B0339 /* LaunchScreen.storyboard in Resources */,
				3634D4B022A2740E002B0339 /* Assets.xcassets in Resources */,
				3634D4AB22A2740C002B0339 /* Main.storyboard in Resources */,
			);
			runOnlyForDeploymentPostprocessing = 0;
		};
		3634D4B722A2740F002B0339 /* Resources */ = {
			isa = PBXResourcesBuildPhase;
			buildActionMask = 2147483647;
			files = (
			);
			runOnlyForDeploymentPostprocessing = 0;
		};
		3634D4C222A2740F002B0339 /* Resources */ = {
			isa = PBXResourcesBuildPhase;
			buildActionMask = 2147483647;
			files = (
			);
			runOnlyForDeploymentPostprocessing = 0;
		};
/* End PBXResourcesBuildPhase section */

/* Begin PBXShellScriptBuildPhase section */
		15C52C74A4D80CB5B08B587F /* [CP] Embed Pods Frameworks */ = {
			isa = PBXShellScriptBuildPhase;
			buildActionMask = 2147483647;
			files = (
			);
			inputFileListPaths = (
				"${PODS_ROOT}/Target Support Files/Pods-budgetWizard/Pods-budgetWizard-frameworks-${CONFIGURATION}-input-files.xcfilelist",
			);
			name = "[CP] Embed Pods Frameworks";
			outputFileListPaths = (
				"${PODS_ROOT}/Target Support Files/Pods-budgetWizard/Pods-budgetWizard-frameworks-${CONFIGURATION}-output-files.xcfilelist",
			);
			runOnlyForDeploymentPostprocessing = 0;
			shellPath = /bin/sh;
			shellScript = "\"${PODS_ROOT}/Target Support Files/Pods-budgetWizard/Pods-budgetWizard-frameworks.sh\"\n";
			showEnvVarsInLog = 0;
		};
		1F4A60593318153A9F977D11 /* [CP] Check Pods Manifest.lock */ = {
			isa = PBXShellScriptBuildPhase;
			buildActionMask = 2147483647;
			files = (
			);
			inputFileListPaths = (
			);
			inputPaths = (
				"${PODS_PODFILE_DIR_PATH}/Podfile.lock",
				"${PODS_ROOT}/Manifest.lock",
			);
			name = "[CP] Check Pods Manifest.lock";
			outputFileListPaths = (
			);
			outputPaths = (
				"$(DERIVED_FILE_DIR)/Pods-budgetWizardUITests-checkManifestLockResult.txt",
			);
			runOnlyForDeploymentPostprocessing = 0;
			shellPath = /bin/sh;
			shellScript = "diff \"${PODS_PODFILE_DIR_PATH}/Podfile.lock\" \"${PODS_ROOT}/Manifest.lock\" > /dev/null\nif [ $? != 0 ] ; then\n    # print error to STDERR\n    echo \"error: The sandbox is not in sync with the Podfile.lock. Run 'pod install' or update your CocoaPods installation.\" >&2\n    exit 1\nfi\n# This output is used by Xcode 'outputs' to avoid re-running this script phase.\necho \"SUCCESS\" > \"${SCRIPT_OUTPUT_FILE_0}\"\n";
			showEnvVarsInLog = 0;
		};
		6A5E8B568B62B4694FA47BCC /* [CP] Check Pods Manifest.lock */ = {
			isa = PBXShellScriptBuildPhase;
			buildActionMask = 2147483647;
			files = (
			);
			inputFileListPaths = (
			);
			inputPaths = (
				"${PODS_PODFILE_DIR_PATH}/Podfile.lock",
				"${PODS_ROOT}/Manifest.lock",
			);
			name = "[CP] Check Pods Manifest.lock";
			outputFileListPaths = (
			);
			outputPaths = (
				"$(DERIVED_FILE_DIR)/Pods-budgetWizard-checkManifestLockResult.txt",
			);
			runOnlyForDeploymentPostprocessing = 0;
			shellPath = /bin/sh;
			shellScript = "diff \"${PODS_PODFILE_DIR_PATH}/Podfile.lock\" \"${PODS_ROOT}/Manifest.lock\" > /dev/null\nif [ $? != 0 ] ; then\n    # print error to STDERR\n    echo \"error: The sandbox is not in sync with the Podfile.lock. Run 'pod install' or update your CocoaPods installation.\" >&2\n    exit 1\nfi\n# This output is used by Xcode 'outputs' to avoid re-running this script phase.\necho \"SUCCESS\" > \"${SCRIPT_OUTPUT_FILE_0}\"\n";
			showEnvVarsInLog = 0;
		};
		DB1D1C6D0B04205C0D454390 /* [CP] Check Pods Manifest.lock */ = {
			isa = PBXShellScriptBuildPhase;
			buildActionMask = 2147483647;
			files = (
			);
			inputFileListPaths = (
			);
			inputPaths = (
				"${PODS_PODFILE_DIR_PATH}/Podfile.lock",
				"${PODS_ROOT}/Manifest.lock",
			);
			name = "[CP] Check Pods Manifest.lock";
			outputFileListPaths = (
			);
			outputPaths = (
				"$(DERIVED_FILE_DIR)/Pods-budgetWizardTests-checkManifestLockResult.txt",
			);
			runOnlyForDeploymentPostprocessing = 0;
			shellPath = /bin/sh;
			shellScript = "diff \"${PODS_PODFILE_DIR_PATH}/Podfile.lock\" \"${PODS_ROOT}/Manifest.lock\" > /dev/null\nif [ $? != 0 ] ; then\n    # print error to STDERR\n    echo \"error: The sandbox is not in sync with the Podfile.lock. Run 'pod install' or update your CocoaPods installation.\" >&2\n    exit 1\nfi\n# This output is used by Xcode 'outputs' to avoid re-running this script phase.\necho \"SUCCESS\" > \"${SCRIPT_OUTPUT_FILE_0}\"\n";
			showEnvVarsInLog = 0;
		};
/* End PBXShellScriptBuildPhase section */

/* Begin PBXSourcesBuildPhase section */
		3634D49E22A2740C002B0339 /* Sources */ = {
			isa = PBXSourcesBuildPhase;
			buildActionMask = 2147483647;
			files = (
				36285EBB22F569E800AED084 /* RecurringExpense+CoreDataProperties.swift in Sources */,
				36FCBC1122ED455B00C05E98 /* PieChartView.swift in Sources */,
				36285EBA22F569E800AED084 /* RecurringExpense+CoreDataClass.swift in Sources */,
				369AB84022BA242100FD221E /* ExpenseTableViewCell.swift in Sources */,
				3622501022D1A6FC00DABF62 /* ExpenseCategories.swift in Sources */,
				369AB83E22B8DED200FD221E /* ExpenseTableViewController.swift in Sources */,
				36B6294C22ABA3CC00BD5343 /* PersistenceService.swift in Sources */,
				369997E422EDA7360089E943 /* BarChartView.swift in Sources */,
				36F4D82E22ACC2B800800B38 /* BudgetTableViewCell.swift in Sources */,
				36285EBE22F67A0F00AED084 /* LineChartView.swift in Sources */,
				369AB85722C213AF00FD221E /* Budget+CoreDataClass.swift in Sources */,
				3622501922D94B0000DABF62 /* SummaryPickerView.swift in Sources */,
				3622502022D9713C00DABF62 /* ExpenseValidation.swift in Sources */,
				36FCBC1922ED8F2400C05E98 /* BalloonMarker.swift in Sources */,
				36FCBC1B22ED8F5400C05E98 /* XYMarkerView.swift in Sources */,
				36224FFC22C45CAA00DABF62 /* ProxyBudget.swift in Sources */,
				36D2DBE222DDBFB50010FC3D /* MenuBar.swift in Sources */,
				369AB85622C213AF00FD221E /* Expenses+CoreDataProperties.swift in Sources */,
				368160BC22DF1A8300293766 /* SummaryViewController.swift in Sources */,
				3642FA9422E0516100FB757B /* SummaryChartsCollectionCell.swift in Sources */,
				369AB83622B23E7100FD221E /* CustomDateFormatter.swift in Sources */,
				3622501D22D94D1000DABF62 /* SummaryViewColors.swift in Sources */,
				3634D4A622A2740C002B0339 /* AppDelegate.swift in Sources */,
				36285EB722F5143800AED084 /* ProxyRecurringExpense.swift in Sources */,
				3634D4AE22A2740C002B0339 /* budgetWizard.xcdatamodeld in Sources */,
				369AB85822C213AF00FD221E /* Budget+CoreDataProperties.swift in Sources */,
				3634D4DB22A2A1DD002B0339 /* BudgetViewController.swift in Sources */,
				369AB85522C213AF00FD221E /* Expenses+CoreDataClass.swift in Sources */,
				3622502222D9717900DABF62 /* ExpensePickerViews.swift in Sources */,
				3651169722A34E4A00827CA8 /* BudgetTableViewController.swift in Sources */,
				369AB84222BA290900FD221E /* CustomNumberFormatter.swift in Sources */,
				36FCBC1622ED8B5500C05E98 /* ExpenseAxisValueFormatter.swift in Sources */,
				3651169922A354F800827CA8 /* ExpenseViewController.swift in Sources */,
				36224FFE22C74E7900DABF62 /* ProxyExpense.swift in Sources */,
			);
			runOnlyForDeploymentPostprocessing = 0;
		};
		3634D4B522A2740F002B0339 /* Sources */ = {
			isa = PBXSourcesBuildPhase;
			buildActionMask = 2147483647;
			files = (
				3634D4BE22A2740F002B0339 /* budgetWizardTests.swift in Sources */,
			);
			runOnlyForDeploymentPostprocessing = 0;
		};
		3634D4C022A2740F002B0339 /* Sources */ = {
			isa = PBXSourcesBuildPhase;
			buildActionMask = 2147483647;
			files = (
				3634D4C922A2740F002B0339 /* budgetWizardUITests.swift in Sources */,
			);
			runOnlyForDeploymentPostprocessing = 0;
		};
/* End PBXSourcesBuildPhase section */

/* Begin PBXTargetDependency section */
		3634D4BB22A2740F002B0339 /* PBXTargetDependency */ = {
			isa = PBXTargetDependency;
			target = 3634D4A122A2740C002B0339 /* budgetWizard */;
			targetProxy = 3634D4BA22A2740F002B0339 /* PBXContainerItemProxy */;
		};
		3634D4C622A2740F002B0339 /* PBXTargetDependency */ = {
			isa = PBXTargetDependency;
			target = 3634D4A122A2740C002B0339 /* budgetWizard */;
			targetProxy = 3634D4C522A2740F002B0339 /* PBXContainerItemProxy */;
		};
/* End PBXTargetDependency section */

/* Begin PBXVariantGroup section */
		3634D4A922A2740C002B0339 /* Main.storyboard */ = {
			isa = PBXVariantGroup;
			children = (
				3634D4AA22A2740C002B0339 /* Base */,
			);
			name = Main.storyboard;
			sourceTree = "<group>";
		};
		3634D4B122A2740E002B0339 /* LaunchScreen.storyboard */ = {
			isa = PBXVariantGroup;
			children = (
				3634D4B222A2740E002B0339 /* Base */,
			);
			name = LaunchScreen.storyboard;
			sourceTree = "<group>";
		};
/* End PBXVariantGroup section */

/* Begin XCBuildConfiguration section */
		3634D4CB22A2740F002B0339 /* Debug */ = {
			isa = XCBuildConfiguration;
			buildSettings = {
				ALWAYS_SEARCH_USER_PATHS = NO;
				CLANG_ANALYZER_NONNULL = YES;
				CLANG_ANALYZER_NUMBER_OBJECT_CONVERSION = YES_AGGRESSIVE;
				CLANG_CXX_LANGUAGE_STANDARD = "gnu++14";
				CLANG_CXX_LIBRARY = "libc++";
				CLANG_ENABLE_MODULES = YES;
				CLANG_ENABLE_OBJC_ARC = YES;
				CLANG_ENABLE_OBJC_WEAK = YES;
				CLANG_WARN_BLOCK_CAPTURE_AUTORELEASING = YES;
				CLANG_WARN_BOOL_CONVERSION = YES;
				CLANG_WARN_COMMA = YES;
				CLANG_WARN_CONSTANT_CONVERSION = YES;
				CLANG_WARN_DEPRECATED_OBJC_IMPLEMENTATIONS = YES;
				CLANG_WARN_DIRECT_OBJC_ISA_USAGE = YES_ERROR;
				CLANG_WARN_DOCUMENTATION_COMMENTS = YES;
				CLANG_WARN_EMPTY_BODY = YES;
				CLANG_WARN_ENUM_CONVERSION = YES;
				CLANG_WARN_INFINITE_RECURSION = YES;
				CLANG_WARN_INT_CONVERSION = YES;
				CLANG_WARN_NON_LITERAL_NULL_CONVERSION = YES;
				CLANG_WARN_OBJC_IMPLICIT_RETAIN_SELF = YES;
				CLANG_WARN_OBJC_LITERAL_CONVERSION = YES;
				CLANG_WARN_OBJC_ROOT_CLASS = YES_ERROR;
				CLANG_WARN_RANGE_LOOP_ANALYSIS = YES;
				CLANG_WARN_STRICT_PROTOTYPES = YES;
				CLANG_WARN_SUSPICIOUS_MOVE = YES;
				CLANG_WARN_UNGUARDED_AVAILABILITY = YES_AGGRESSIVE;
				CLANG_WARN_UNREACHABLE_CODE = YES;
				CLANG_WARN__DUPLICATE_METHOD_MATCH = YES;
				CODE_SIGN_IDENTITY = "iPhone Developer";
				COPY_PHASE_STRIP = NO;
				DEBUG_INFORMATION_FORMAT = dwarf;
				ENABLE_STRICT_OBJC_MSGSEND = YES;
				ENABLE_TESTABILITY = YES;
				GCC_C_LANGUAGE_STANDARD = gnu11;
				GCC_DYNAMIC_NO_PIC = NO;
				GCC_NO_COMMON_BLOCKS = YES;
				GCC_OPTIMIZATION_LEVEL = 0;
				GCC_PREPROCESSOR_DEFINITIONS = (
					"DEBUG=1",
					"$(inherited)",
				);
				GCC_WARN_64_TO_32_BIT_CONVERSION = YES;
				GCC_WARN_ABOUT_RETURN_TYPE = YES_ERROR;
				GCC_WARN_UNDECLARED_SELECTOR = YES;
				GCC_WARN_UNINITIALIZED_AUTOS = YES_AGGRESSIVE;
				GCC_WARN_UNUSED_FUNCTION = YES;
				GCC_WARN_UNUSED_VARIABLE = YES;
				IPHONEOS_DEPLOYMENT_TARGET = 12.2;
				MTL_ENABLE_DEBUG_INFO = INCLUDE_SOURCE;
				MTL_FAST_MATH = YES;
				ONLY_ACTIVE_ARCH = YES;
				SDKROOT = iphoneos;
				SWIFT_ACTIVE_COMPILATION_CONDITIONS = DEBUG;
				SWIFT_OPTIMIZATION_LEVEL = "-Onone";
			};
			name = Debug;
		};
		3634D4CC22A2740F002B0339 /* Release */ = {
			isa = XCBuildConfiguration;
			buildSettings = {
				ALWAYS_SEARCH_USER_PATHS = NO;
				CLANG_ANALYZER_NONNULL = YES;
				CLANG_ANALYZER_NUMBER_OBJECT_CONVERSION = YES_AGGRESSIVE;
				CLANG_CXX_LANGUAGE_STANDARD = "gnu++14";
				CLANG_CXX_LIBRARY = "libc++";
				CLANG_ENABLE_MODULES = YES;
				CLANG_ENABLE_OBJC_ARC = YES;
				CLANG_ENABLE_OBJC_WEAK = YES;
				CLANG_WARN_BLOCK_CAPTURE_AUTORELEASING = YES;
				CLANG_WARN_BOOL_CONVERSION = YES;
				CLANG_WARN_COMMA = YES;
				CLANG_WARN_CONSTANT_CONVERSION = YES;
				CLANG_WARN_DEPRECATED_OBJC_IMPLEMENTATIONS = YES;
				CLANG_WARN_DIRECT_OBJC_ISA_USAGE = YES_ERROR;
				CLANG_WARN_DOCUMENTATION_COMMENTS = YES;
				CLANG_WARN_EMPTY_BODY = YES;
				CLANG_WARN_ENUM_CONVERSION = YES;
				CLANG_WARN_INFINITE_RECURSION = YES;
				CLANG_WARN_INT_CONVERSION = YES;
				CLANG_WARN_NON_LITERAL_NULL_CONVERSION = YES;
				CLANG_WARN_OBJC_IMPLICIT_RETAIN_SELF = YES;
				CLANG_WARN_OBJC_LITERAL_CONVERSION = YES;
				CLANG_WARN_OBJC_ROOT_CLASS = YES_ERROR;
				CLANG_WARN_RANGE_LOOP_ANALYSIS = YES;
				CLANG_WARN_STRICT_PROTOTYPES = YES;
				CLANG_WARN_SUSPICIOUS_MOVE = YES;
				CLANG_WARN_UNGUARDED_AVAILABILITY = YES_AGGRESSIVE;
				CLANG_WARN_UNREACHABLE_CODE = YES;
				CLANG_WARN__DUPLICATE_METHOD_MATCH = YES;
				CODE_SIGN_IDENTITY = "iPhone Developer";
				COPY_PHASE_STRIP = NO;
				DEBUG_INFORMATION_FORMAT = "dwarf-with-dsym";
				ENABLE_NS_ASSERTIONS = NO;
				ENABLE_STRICT_OBJC_MSGSEND = YES;
				GCC_C_LANGUAGE_STANDARD = gnu11;
				GCC_NO_COMMON_BLOCKS = YES;
				GCC_WARN_64_TO_32_BIT_CONVERSION = YES;
				GCC_WARN_ABOUT_RETURN_TYPE = YES_ERROR;
				GCC_WARN_UNDECLARED_SELECTOR = YES;
				GCC_WARN_UNINITIALIZED_AUTOS = YES_AGGRESSIVE;
				GCC_WARN_UNUSED_FUNCTION = YES;
				GCC_WARN_UNUSED_VARIABLE = YES;
				IPHONEOS_DEPLOYMENT_TARGET = 12.2;
				MTL_ENABLE_DEBUG_INFO = NO;
				MTL_FAST_MATH = YES;
				SDKROOT = iphoneos;
				SWIFT_COMPILATION_MODE = wholemodule;
				SWIFT_OPTIMIZATION_LEVEL = "-O";
				VALIDATE_PRODUCT = YES;
			};
			name = Release;
		};
		3634D4CE22A2740F002B0339 /* Debug */ = {
			isa = XCBuildConfiguration;
			baseConfigurationReference = 2201B8AC943000A1A1111100 /* Pods-budgetWizard.debug.xcconfig */;
			buildSettings = {
				ASSETCATALOG_COMPILER_APPICON_NAME = AppIcon;
				CODE_SIGN_STYLE = Automatic;
				DEVELOPMENT_TEAM = 57695CL9ZW;
				INFOPLIST_FILE = budgetWizard/Info.plist;
				IPHONEOS_DEPLOYMENT_TARGET = 12.0;
				LD_RUNPATH_SEARCH_PATHS = (
					"$(inherited)",
					"@executable_path/Frameworks",
				);
				PRODUCT_BUNDLE_IDENTIFIER = com.kentMcNamara.budgetWizard;
				PRODUCT_NAME = "$(TARGET_NAME)";
				SWIFT_VERSION = 5.0;
				TARGETED_DEVICE_FAMILY = 1;
			};
			name = Debug;
		};
		3634D4CF22A2740F002B0339 /* Release */ = {
			isa = XCBuildConfiguration;
			baseConfigurationReference = B6928F02B4C84C80D9C5ED96 /* Pods-budgetWizard.release.xcconfig */;
			buildSettings = {
				ASSETCATALOG_COMPILER_APPICON_NAME = AppIcon;
				CODE_SIGN_STYLE = Automatic;
				DEVELOPMENT_TEAM = 57695CL9ZW;
				INFOPLIST_FILE = budgetWizard/Info.plist;
				IPHONEOS_DEPLOYMENT_TARGET = 12.0;
				LD_RUNPATH_SEARCH_PATHS = (
					"$(inherited)",
					"@executable_path/Frameworks",
				);
				PRODUCT_BUNDLE_IDENTIFIER = com.kentMcNamara.budgetWizard;
				PRODUCT_NAME = "$(TARGET_NAME)";
				SWIFT_VERSION = 5.0;
				TARGETED_DEVICE_FAMILY = 1;
			};
			name = Release;
		};
		3634D4D122A2740F002B0339 /* Debug */ = {
			isa = XCBuildConfiguration;
			baseConfigurationReference = 47AC8233C3961C960BCE5C57 /* Pods-budgetWizardTests.debug.xcconfig */;
			buildSettings = {
				ALWAYS_EMBED_SWIFT_STANDARD_LIBRARIES = YES;
				BUNDLE_LOADER = "$(TEST_HOST)";
				CODE_SIGN_STYLE = Automatic;
				DEVELOPMENT_TEAM = 57695CL9ZW;
				INFOPLIST_FILE = budgetWizardTests/Info.plist;
				LD_RUNPATH_SEARCH_PATHS = (
					"$(inherited)",
					"@executable_path/Frameworks",
					"@loader_path/Frameworks",
				);
				PRODUCT_BUNDLE_IDENTIFIER = com.kentMcNamara.budgetWizardTests;
				PRODUCT_NAME = "$(TARGET_NAME)";
				SWIFT_VERSION = 5.0;
				TARGETED_DEVICE_FAMILY = "1,2";
				TEST_HOST = "$(BUILT_PRODUCTS_DIR)/budgetWizard.app/budgetWizard";
			};
			name = Debug;
		};
		3634D4D222A2740F002B0339 /* Release */ = {
			isa = XCBuildConfiguration;
			baseConfigurationReference = 1E26AC77F989C822EAB293EB /* Pods-budgetWizardTests.release.xcconfig */;
			buildSettings = {
				ALWAYS_EMBED_SWIFT_STANDARD_LIBRARIES = YES;
				BUNDLE_LOADER = "$(TEST_HOST)";
				CODE_SIGN_STYLE = Automatic;
				DEVELOPMENT_TEAM = 57695CL9ZW;
				INFOPLIST_FILE = budgetWizardTests/Info.plist;
				LD_RUNPATH_SEARCH_PATHS = (
					"$(inherited)",
					"@executable_path/Frameworks",
					"@loader_path/Frameworks",
				);
				PRODUCT_BUNDLE_IDENTIFIER = com.kentMcNamara.budgetWizardTests;
				PRODUCT_NAME = "$(TARGET_NAME)";
				SWIFT_VERSION = 5.0;
				TARGETED_DEVICE_FAMILY = "1,2";
				TEST_HOST = "$(BUILT_PRODUCTS_DIR)/budgetWizard.app/budgetWizard";
			};
			name = Release;
		};
		3634D4D422A2740F002B0339 /* Debug */ = {
			isa = XCBuildConfiguration;
			baseConfigurationReference = E94CC434B807B7343F03ACF2 /* Pods-budgetWizardUITests.debug.xcconfig */;
			buildSettings = {
				ALWAYS_EMBED_SWIFT_STANDARD_LIBRARIES = YES;
				CODE_SIGN_STYLE = Automatic;
				DEVELOPMENT_TEAM = 57695CL9ZW;
				INFOPLIST_FILE = budgetWizardUITests/Info.plist;
				LD_RUNPATH_SEARCH_PATHS = (
					"$(inherited)",
					"@executable_path/Frameworks",
					"@loader_path/Frameworks",
				);
				PRODUCT_BUNDLE_IDENTIFIER = com.kentMcNamara.budgetWizardUITests;
				PRODUCT_NAME = "$(TARGET_NAME)";
				SWIFT_VERSION = 5.0;
				TARGETED_DEVICE_FAMILY = "1,2";
				TEST_TARGET_NAME = budgetWizard;
			};
			name = Debug;
		};
		3634D4D522A2740F002B0339 /* Release */ = {
			isa = XCBuildConfiguration;
			baseConfigurationReference = FF6057F5CD9BA6078C828077 /* Pods-budgetWizardUITests.release.xcconfig */;
			buildSettings = {
				ALWAYS_EMBED_SWIFT_STANDARD_LIBRARIES = YES;
				CODE_SIGN_STYLE = Automatic;
				DEVELOPMENT_TEAM = 57695CL9ZW;
				INFOPLIST_FILE = budgetWizardUITests/Info.plist;
				LD_RUNPATH_SEARCH_PATHS = (
					"$(inherited)",
					"@executable_path/Frameworks",
					"@loader_path/Frameworks",
				);
				PRODUCT_BUNDLE_IDENTIFIER = com.kentMcNamara.budgetWizardUITests;
				PRODUCT_NAME = "$(TARGET_NAME)";
				SWIFT_VERSION = 5.0;
				TARGETED_DEVICE_FAMILY = "1,2";
				TEST_TARGET_NAME = budgetWizard;
			};
			name = Release;
		};
/* End XCBuildConfiguration section */

/* Begin XCConfigurationList section */
		3634D49D22A2740C002B0339 /* Build configuration list for PBXProject "budgetWizard" */ = {
			isa = XCConfigurationList;
			buildConfigurations = (
				3634D4CB22A2740F002B0339 /* Debug */,
				3634D4CC22A2740F002B0339 /* Release */,
			);
			defaultConfigurationIsVisible = 0;
			defaultConfigurationName = Release;
		};
		3634D4CD22A2740F002B0339 /* Build configuration list for PBXNativeTarget "budgetWizard" */ = {
			isa = XCConfigurationList;
			buildConfigurations = (
				3634D4CE22A2740F002B0339 /* Debug */,
				3634D4CF22A2740F002B0339 /* Release */,
			);
			defaultConfigurationIsVisible = 0;
			defaultConfigurationName = Release;
		};
		3634D4D022A2740F002B0339 /* Build configuration list for PBXNativeTarget "budgetWizardTests" */ = {
			isa = XCConfigurationList;
			buildConfigurations = (
				3634D4D122A2740F002B0339 /* Debug */,
				3634D4D222A2740F002B0339 /* Release */,
			);
			defaultConfigurationIsVisible = 0;
			defaultConfigurationName = Release;
		};
		3634D4D322A2740F002B0339 /* Build configuration list for PBXNativeTarget "budgetWizardUITests" */ = {
			isa = XCConfigurationList;
			buildConfigurations = (
				3634D4D422A2740F002B0339 /* Debug */,
				3634D4D522A2740F002B0339 /* Release */,
			);
			defaultConfigurationIsVisible = 0;
			defaultConfigurationName = Release;
		};
/* End XCConfigurationList section */

/* Begin XCVersionGroup section */
		3634D4AC22A2740C002B0339 /* budgetWizard.xcdatamodeld */ = {
			isa = XCVersionGroup;
			children = (
				3634D4AD22A2740C002B0339 /* budgetWizard.xcdatamodel */,
			);
			currentVersion = 3634D4AD22A2740C002B0339 /* budgetWizard.xcdatamodel */;
			path = budgetWizard.xcdatamodeld;
			sourceTree = "<group>";
			versionGroupType = wrapper.xcdatamodel;
		};
/* End XCVersionGroup section */
	};
	rootObject = 3634D49A22A2740C002B0339 /* Project object */;
}
